// !$*UTF8*$!
{
	archiveVersion = 1;
	classes = {
	};
	objectVersion = 56;
	objects = {

/* Begin PBXBuildFile section */
		52E9A3BB2C792AA700774B23 /* TileServiceApp.swift in Sources */ = {isa = PBXBuildFile; fileRef = 52E9A3BA2C792AA700774B23 /* TileServiceApp.swift */; };
		52E9A3BD2C792AA700774B23 /* ContentView.swift in Sources */ = {isa = PBXBuildFile; fileRef = 52E9A3BC2C792AA700774B23 /* ContentView.swift */; };
		52E9A3BF2C792AAA00774B23 /* Assets.xcassets in Resources */ = {isa = PBXBuildFile; fileRef = 52E9A3BE2C792AAA00774B23 /* Assets.xcassets */; };
		52E9A3C22C792AAA00774B23 /* Preview Assets.xcassets in Resources */ = {isa = PBXBuildFile; fileRef = 52E9A3C12C792AAA00774B23 /* Preview Assets.xcassets */; };
		52E9A3CC2C792AAA00774B23 /* TileServiceTests.swift in Sources */ = {isa = PBXBuildFile; fileRef = 52E9A3CB2C792AAA00774B23 /* TileServiceTests.swift */; };
		52E9A3D62C792AAA00774B23 /* TileServiceUITests.swift in Sources */ = {isa = PBXBuildFile; fileRef = 52E9A3D52C792AAA00774B23 /* TileServiceUITests.swift */; };
		52E9A3D82C792AAA00774B23 /* TileServiceUITestsLaunchTests.swift in Sources */ = {isa = PBXBuildFile; fileRef = 52E9A3D72C792AAA00774B23 /* TileServiceUITestsLaunchTests.swift */; };
/* End PBXBuildFile section */

/* Begin PBXContainerItemProxy section */
		52E9A3C82C792AAA00774B23 /* PBXContainerItemProxy */ = {
			isa = PBXContainerItemProxy;
			containerPortal = 52E9A3AF2C792AA700774B23 /* Project object */;
			proxyType = 1;
			remoteGlobalIDString = 52E9A3B62C792AA700774B23;
			remoteInfo = TileService;
		};
		52E9A3D22C792AAA00774B23 /* PBXContainerItemProxy */ = {
			isa = PBXContainerItemProxy;
			containerPortal = 52E9A3AF2C792AA700774B23 /* Project object */;
			proxyType = 1;
			remoteGlobalIDString = 52E9A3B62C792AA700774B23;
			remoteInfo = TileService;
		};
/* End PBXContainerItemProxy section */

/* Begin PBXFileReference section */
		52E9A3B72C792AA700774B23 /* TileService.app */ = {isa = PBXFileReference; explicitFileType = wrapper.application; includeInIndex = 0; path = TileService.app; sourceTree = BUILT_PRODUCTS_DIR; };
		52E9A3BA2C792AA700774B23 /* TileServiceApp.swift */ = {isa = PBXFileReference; lastKnownFileType = sourcecode.swift; path = TileServiceApp.swift; sourceTree = "<group>"; };
		52E9A3BC2C792AA700774B23 /* ContentView.swift */ = {isa = PBXFileReference; lastKnownFileType = sourcecode.swift; path = ContentView.swift; sourceTree = "<group>"; };
		52E9A3BE2C792AAA00774B23 /* Assets.xcassets */ = {isa = PBXFileReference; lastKnownFileType = folder.assetcatalog; path = Assets.xcassets; sourceTree = "<group>"; };
		52E9A3C12C792AAA00774B23 /* Preview Assets.xcassets */ = {isa = PBXFileReference; lastKnownFileType = folder.assetcatalog; path = "Preview Assets.xcassets"; sourceTree = "<group>"; };
		52E9A3C72C792AAA00774B23 /* TileServiceTests.xctest */ = {isa = PBXFileReference; explicitFileType = wrapper.cfbundle; includeInIndex = 0; path = TileServiceTests.xctest; sourceTree = BUILT_PRODUCTS_DIR; };
		52E9A3CB2C792AAA00774B23 /* TileServiceTests.swift */ = {isa = PBXFileReference; lastKnownFileType = sourcecode.swift; path = TileServiceTests.swift; sourceTree = "<group>"; };
		52E9A3D12C792AAA00774B23 /* TileServiceUITests.xctest */ = {isa = PBXFileReference; explicitFileType = wrapper.cfbundle; includeInIndex = 0; path = TileServiceUITests.xctest; sourceTree = BUILT_PRODUCTS_DIR; };
		52E9A3D52C792AAA00774B23 /* TileServiceUITests.swift */ = {isa = PBXFileReference; lastKnownFileType = sourcecode.swift; path = TileServiceUITests.swift; sourceTree = "<group>"; };
		52E9A3D72C792AAA00774B23 /* TileServiceUITestsLaunchTests.swift */ = {isa = PBXFileReference; lastKnownFileType = sourcecode.swift; path = TileServiceUITestsLaunchTests.swift; sourceTree = "<group>"; };
/* End PBXFileReference section */

/* Begin PBXFrameworksBuildPhase section */
		52E9A3B42C792AA700774B23 /* Frameworks */ = {
			isa = PBXFrameworksBuildPhase;
			buildActionMask = 2147483647;
			files = (
			);
			runOnlyForDeploymentPostprocessing = 0;
		};
		52E9A3C42C792AAA00774B23 /* Frameworks */ = {
			isa = PBXFrameworksBuildPhase;
			buildActionMask = 2147483647;
			files = (
			);
			runOnlyForDeploymentPostprocessing = 0;
		};
		52E9A3CE2C792AAA00774B23 /* Frameworks */ = {
			isa = PBXFrameworksBuildPhase;
			buildActionMask = 2147483647;
			files = (
			);
			runOnlyForDeploymentPostprocessing = 0;
		};
/* End PBXFrameworksBuildPhase section */

/* Begin PBXGroup section */
		52E9A3AE2C792AA700774B23 = {
			isa = PBXGroup;
			children = (
				52E9A3B92C792AA700774B23 /* TileService */,
				52E9A3CA2C792AAA00774B23 /* TileServiceTests */,
				52E9A3D42C792AAA00774B23 /* TileServiceUITests */,
				52E9A3B82C792AA700774B23 /* Products */,
			);
			sourceTree = "<group>";
		};
		52E9A3B82C792AA700774B23 /* Products */ = {
			isa = PBXGroup;
			children = (
				52E9A3B72C792AA700774B23 /* TileService.app */,
				52E9A3C72C792AAA00774B23 /* TileServiceTests.xctest */,
				52E9A3D12C792AAA00774B23 /* TileServiceUITests.xctest */,
			);
			name = Products;
			sourceTree = "<group>";
		};
		52E9A3B92C792AA700774B23 /* TileService */ = {
			isa = PBXGroup;
			children = (
				52E9A3BA2C792AA700774B23 /* TileServiceApp.swift */,
				52E9A3BC2C792AA700774B23 /* ContentView.swift */,
				52E9A3BE2C792AAA00774B23 /* Assets.xcassets */,
				52E9A3C02C792AAA00774B23 /* Preview Content */,
			);
			path = TileService;
			sourceTree = "<group>";
		};
		52E9A3C02C792AAA00774B23 /* Preview Content */ = {
			isa = PBXGroup;
			children = (
				52E9A3C12C792AAA00774B23 /* Preview Assets.xcassets */,
			);
			path = "Preview Content";
			sourceTree = "<group>";
		};
		52E9A3CA2C792AAA00774B23 /* TileServiceTests */ = {
			isa = PBXGroup;
			children = (
				52E9A3CB2C792AAA00774B23 /* TileServiceTests.swift */,
			);
			path = TileServiceTests;
			sourceTree = "<group>";
		};
		52E9A3D42C792AAA00774B23 /* TileServiceUITests */ = {
			isa = PBXGroup;
			children = (
				52E9A3D52C792AAA00774B23 /* TileServiceUITests.swift */,
				52E9A3D72C792AAA00774B23 /* TileServiceUITestsLaunchTests.swift */,
			);
			path = TileServiceUITests;
			sourceTree = "<group>";
		};
/* End PBXGroup section */

/* Begin PBXNativeTarget section */
		52E9A3B62C792AA700774B23 /* TileService */ = {
			isa = PBXNativeTarget;
			buildConfigurationList = 52E9A3DB2C792AAA00774B23 /* Build configuration list for PBXNativeTarget "TileService" */;
			buildPhases = (
				52E9A3B32C792AA700774B23 /* Sources */,
				52E9A3B42C792AA700774B23 /* Frameworks */,
				52E9A3B52C792AA700774B23 /* Resources */,
			);
			buildRules = (
			);
			dependencies = (
			);
			name = TileService;
			productName = TileService;
			productReference = 52E9A3B72C792AA700774B23 /* TileService.app */;
			productType = "com.apple.product-type.application";
		};
		52E9A3C62C792AAA00774B23 /* TileServiceTests */ = {
			isa = PBXNativeTarget;
			buildConfigurationList = 52E9A3DE2C792AAA00774B23 /* Build configuration list for PBXNativeTarget "TileServiceTests" */;
			buildPhases = (
				52E9A3C32C792AAA00774B23 /* Sources */,
				52E9A3C42C792AAA00774B23 /* Frameworks */,
				52E9A3C52C792AAA00774B23 /* Resources */,
			);
			buildRules = (
			);
			dependencies = (
				52E9A3C92C792AAA00774B23 /* PBXTargetDependency */,
			);
			name = TileServiceTests;
			productName = TileServiceTests;
			productReference = 52E9A3C72C792AAA00774B23 /* TileServiceTests.xctest */;
			productType = "com.apple.product-type.bundle.unit-test";
		};
		52E9A3D02C792AAA00774B23 /* TileServiceUITests */ = {
			isa = PBXNativeTarget;
			buildConfigurationList = 52E9A3E12C792AAA00774B23 /* Build configuration list for PBXNativeTarget "TileServiceUITests" */;
			buildPhases = (
				52E9A3CD2C792AAA00774B23 /* Sources */,
				52E9A3CE2C792AAA00774B23 /* Frameworks */,
				52E9A3CF2C792AAA00774B23 /* Resources */,
			);
			buildRules = (
			);
			dependencies = (
				52E9A3D32C792AAA00774B23 /* PBXTargetDependency */,
			);
			name = TileServiceUITests;
			productName = TileServiceUITests;
			productReference = 52E9A3D12C792AAA00774B23 /* TileServiceUITests.xctest */;
			productType = "com.apple.product-type.bundle.ui-testing";
		};
/* End PBXNativeTarget section */

/* Begin PBXProject section */
		52E9A3AF2C792AA700774B23 /* Project object */ = {
			isa = PBXProject;
			attributes = {
				BuildIndependentTargetsInParallel = 1;
				LastSwiftUpdateCheck = 1540;
				LastUpgradeCheck = 1540;
				TargetAttributes = {
					52E9A3B62C792AA700774B23 = {
						CreatedOnToolsVersion = 15.4;
					};
					52E9A3C62C792AAA00774B23 = {
						CreatedOnToolsVersion = 15.4;
						TestTargetID = 52E9A3B62C792AA700774B23;
					};
					52E9A3D02C792AAA00774B23 = {
						CreatedOnToolsVersion = 15.4;
						TestTargetID = 52E9A3B62C792AA700774B23;
					};
				};
			};
			buildConfigurationList = 52E9A3B22C792AA700774B23 /* Build configuration list for PBXProject "TileService" */;
			compatibilityVersion = "Xcode 14.0";
			developmentRegion = en;
			hasScannedForEncodings = 0;
			knownRegions = (
				en,
				Base,
			);
			mainGroup = 52E9A3AE2C792AA700774B23;
			productRefGroup = 52E9A3B82C792AA700774B23 /* Products */;
			projectDirPath = "";
			projectRoot = "";
			targets = (
				52E9A3B62C792AA700774B23 /* TileService */,
				52E9A3C62C792AAA00774B23 /* TileServiceTests */,
				52E9A3D02C792AAA00774B23 /* TileServiceUITests */,
			);
		};
/* End PBXProject section */

/* Begin PBXResourcesBuildPhase section */
		52E9A3B52C792AA700774B23 /* Resources */ = {
			isa = PBXResourcesBuildPhase;
			buildActionMask = 2147483647;
			files = (
				52E9A3C22C792AAA00774B23 /* Preview Assets.xcassets in Resources */,
				52E9A3BF2C792AAA00774B23 /* Assets.xcassets in Resources */,
			);
			runOnlyForDeploymentPostprocessing = 0;
		};
		52E9A3C52C792AAA00774B23 /* Resources */ = {
			isa = PBXResourcesBuildPhase;
			buildActionMask = 2147483647;
			files = (
			);
			runOnlyForDeploymentPostprocessing = 0;
		};
		52E9A3CF2C792AAA00774B23 /* Resources */ = {
			isa = PBXResourcesBuildPhase;
			buildActionMask = 2147483647;
			files = (
			);
			runOnlyForDeploymentPostprocessing = 0;
		};
/* End PBXResourcesBuildPhase section */

/* Begin PBXSourcesBuildPhase section */
		52E9A3B32C792AA700774B23 /* Sources */ = {
			isa = PBXSourcesBuildPhase;
			buildActionMask = 2147483647;
			files = (
				52E9A3BD2C792AA700774B23 /* ContentView.swift in Sources */,
				52E9A3BB2C792AA700774B23 /* TileServiceApp.swift in Sources */,
			);
			runOnlyForDeploymentPostprocessing = 0;
		};
		52E9A3C32C792AAA00774B23 /* Sources */ = {
			isa = PBXSourcesBuildPhase;
			buildActionMask = 2147483647;
			files = (
				52E9A3CC2C792AAA00774B23 /* TileServiceTests.swift in Sources */,
			);
			runOnlyForDeploymentPostprocessing = 0;
		};
		52E9A3CD2C792AAA00774B23 /* Sources */ = {
			isa = PBXSourcesBuildPhase;
			buildActionMask = 2147483647;
			files = (
				52E9A3D82C792AAA00774B23 /* TileServiceUITestsLaunchTests.swift in Sources */,
				52E9A3D62C792AAA00774B23 /* TileServiceUITests.swift in Sources */,
			);
			runOnlyForDeploymentPostprocessing = 0;
		};
/* End PBXSourcesBuildPhase section */

/* Begin PBXTargetDependency section */
		52E9A3C92C792AAA00774B23 /* PBXTargetDependency */ = {
			isa = PBXTargetDependency;
			target = 52E9A3B62C792AA700774B23 /* TileService */;
			targetProxy = 52E9A3C82C792AAA00774B23 /* PBXContainerItemProxy */;
		};
		52E9A3D32C792AAA00774B23 /* PBXTargetDependency */ = {
			isa = PBXTargetDependency;
			target = 52E9A3B62C792AA700774B23 /* TileService */;
			targetProxy = 52E9A3D22C792AAA00774B23 /* PBXContainerItemProxy */;
		};
/* End PBXTargetDependency section */

/* Begin XCBuildConfiguration section */
		52E9A3D92C792AAA00774B23 /* Debug */ = {
			isa = XCBuildConfiguration;
			buildSettings = {
				ALWAYS_SEARCH_USER_PATHS = NO;
				ASSETCATALOG_COMPILER_GENERATE_SWIFT_ASSET_SYMBOL_EXTENSIONS = YES;
				CLANG_ANALYZER_NONNULL = YES;
				CLANG_ANALYZER_NUMBER_OBJECT_CONVERSION = YES_AGGRESSIVE;
				CLANG_CXX_LANGUAGE_STANDARD = "gnu++20";
				CLANG_ENABLE_MODULES = YES;
				CLANG_ENABLE_OBJC_ARC = YES;
				CLANG_ENABLE_OBJC_WEAK = YES;
				CLANG_WARN_BLOCK_CAPTURE_AUTORELEASING = YES;
				CLANG_WARN_BOOL_CONVERSION = YES;
				CLANG_WARN_COMMA = YES;
				CLANG_WARN_CONSTANT_CONVERSION = YES;
				CLANG_WARN_DEPRECATED_OBJC_IMPLEMENTATIONS = YES;
				CLANG_WARN_DIRECT_OBJC_ISA_USAGE = YES_ERROR;
				CLANG_WARN_DOCUMENTATION_COMMENTS = YES;
				CLANG_WARN_EMPTY_BODY = YES;
				CLANG_WARN_ENUM_CONVERSION = YES;
				CLANG_WARN_INFINITE_RECURSION = YES;
				CLANG_WARN_INT_CONVERSION = YES;
				CLANG_WARN_NON_LITERAL_NULL_CONVERSION = YES;
				CLANG_WARN_OBJC_IMPLICIT_RETAIN_SELF = YES;
				CLANG_WARN_OBJC_LITERAL_CONVERSION = YES;
				CLANG_WARN_OBJC_ROOT_CLASS = YES_ERROR;
				CLANG_WARN_QUOTED_INCLUDE_IN_FRAMEWORK_HEADER = YES;
				CLANG_WARN_RANGE_LOOP_ANALYSIS = YES;
				CLANG_WARN_STRICT_PROTOTYPES = YES;
				CLANG_WARN_SUSPICIOUS_MOVE = YES;
				CLANG_WARN_UNGUARDED_AVAILABILITY = YES_AGGRESSIVE;
				CLANG_WARN_UNREACHABLE_CODE = YES;
				CLANG_WARN__DUPLICATE_METHOD_MATCH = YES;
				COPY_PHASE_STRIP = NO;
				DEBUG_INFORMATION_FORMAT = dwarf;
				ENABLE_STRICT_OBJC_MSGSEND = YES;
				ENABLE_TESTABILITY = YES;
				ENABLE_USER_SCRIPT_SANDBOXING = YES;
				GCC_C_LANGUAGE_STANDARD = gnu17;
				GCC_DYNAMIC_NO_PIC = NO;
				GCC_NO_COMMON_BLOCKS = YES;
				GCC_OPTIMIZATION_LEVEL = 0;
				GCC_PREPROCESSOR_DEFINITIONS = (
					"DEBUG=1",
					"$(inherited)",
				);
				GCC_WARN_64_TO_32_BIT_CONVERSION = YES;
				GCC_WARN_ABOUT_RETURN_TYPE = YES_ERROR;
				GCC_WARN_UNDECLARED_SELECTOR = YES;
				GCC_WARN_UNINITIALIZED_AUTOS = YES_AGGRESSIVE;
				GCC_WARN_UNUSED_FUNCTION = YES;
				GCC_WARN_UNUSED_VARIABLE = YES;
				IPHONEOS_DEPLOYMENT_TARGET = 17.5;
				LOCALIZATION_PREFERS_STRING_CATALOGS = YES;
				MTL_ENABLE_DEBUG_INFO = INCLUDE_SOURCE;
				MTL_FAST_MATH = YES;
				ONLY_ACTIVE_ARCH = YES;
				SDKROOT = iphoneos;
				SWIFT_ACTIVE_COMPILATION_CONDITIONS = "DEBUG $(inherited)";
				SWIFT_OPTIMIZATION_LEVEL = "-Onone";
			};
			name = Debug;
		};
		52E9A3DA2C792AAA00774B23 /* Release */ = {
			isa = XCBuildConfiguration;
			buildSettings = {
				ALWAYS_SEARCH_USER_PATHS = NO;
				ASSETCATALOG_COMPILER_GENERATE_SWIFT_ASSET_SYMBOL_EXTENSIONS = YES;
				CLANG_ANALYZER_NONNULL = YES;
				CLANG_ANALYZER_NUMBER_OBJECT_CONVERSION = YES_AGGRESSIVE;
				CLANG_CXX_LANGUAGE_STANDARD = "gnu++20";
				CLANG_ENABLE_MODULES = YES;
				CLANG_ENABLE_OBJC_ARC = YES;
				CLANG_ENABLE_OBJC_WEAK = YES;
				CLANG_WARN_BLOCK_CAPTURE_AUTORELEASING = YES;
				CLANG_WARN_BOOL_CONVERSION = YES;
				CLANG_WARN_COMMA = YES;
				CLANG_WARN_CONSTANT_CONVERSION = YES;
				CLANG_WARN_DEPRECATED_OBJC_IMPLEMENTATIONS = YES;
				CLANG_WARN_DIRECT_OBJC_ISA_USAGE = YES_ERROR;
				CLANG_WARN_DOCUMENTATION_COMMENTS = YES;
				CLANG_WARN_EMPTY_BODY = YES;
				CLANG_WARN_ENUM_CONVERSION = YES;
				CLANG_WARN_INFINITE_RECURSION = YES;
				CLANG_WARN_INT_CONVERSION = YES;
				CLANG_WARN_NON_LITERAL_NULL_CONVERSION = YES;
				CLANG_WARN_OBJC_IMPLICIT_RETAIN_SELF = YES;
				CLANG_WARN_OBJC_LITERAL_CONVERSION = YES;
				CLANG_WARN_OBJC_ROOT_CLASS = YES_ERROR;
				CLANG_WARN_QUOTED_INCLUDE_IN_FRAMEWORK_HEADER = YES;
				CLANG_WARN_RANGE_LOOP_ANALYSIS = YES;
				CLANG_WARN_STRICT_PROTOTYPES = YES;
				CLANG_WARN_SUSPICIOUS_MOVE = YES;
				CLANG_WARN_UNGUARDED_AVAILABILITY = YES_AGGRESSIVE;
				CLANG_WARN_UNREACHABLE_CODE = YES;
				CLANG_WARN__DUPLICATE_METHOD_MATCH = YES;
				COPY_PHASE_STRIP = NO;
				DEBUG_INFORMATION_FORMAT = "dwarf-with-dsym";
				ENABLE_NS_ASSERTIONS = NO;
				ENABLE_STRICT_OBJC_MSGSEND = YES;
				ENABLE_USER_SCRIPT_SANDBOXING = YES;
				GCC_C_LANGUAGE_STANDARD = gnu17;
				GCC_NO_COMMON_BLOCKS = YES;
				GCC_WARN_64_TO_32_BIT_CONVERSION = YES;
				GCC_WARN_ABOUT_RETURN_TYPE = YES_ERROR;
				GCC_WARN_UNDECLARED_SELECTOR = YES;
				GCC_WARN_UNINITIALIZED_AUTOS = YES_AGGRESSIVE;
				GCC_WARN_UNUSED_FUNCTION = YES;
				GCC_WARN_UNUSED_VARIABLE = YES;
				IPHONEOS_DEPLOYMENT_TARGET = 17.5;
				LOCALIZATION_PREFERS_STRING_CATALOGS = YES;
				MTL_ENABLE_DEBUG_INFO = NO;
				MTL_FAST_MATH = YES;
				SDKROOT = iphoneos;
				SWIFT_COMPILATION_MODE = wholemodule;
				VALIDATE_PRODUCT = YES;
			};
			name = Release;
		};
		52E9A3DC2C792AAA00774B23 /* Debug */ = {
			isa = XCBuildConfiguration;
			buildSettings = {
				ASSETCATALOG_COMPILER_APPICON_NAME = AppIcon;
				ASSETCATALOG_COMPILER_GLOBAL_ACCENT_COLOR_NAME = AccentColor;
				CODE_SIGN_STYLE = Automatic;
				CURRENT_PROJECT_VERSION = 1;
				DEVELOPMENT_ASSET_PATHS = "\"TileService/Preview Content\"";
				ENABLE_PREVIEWS = YES;
				GENERATE_INFOPLIST_FILE = YES;
				INFOPLIST_KEY_CFBundleDisplayName = "TileMaster Pro";
				INFOPLIST_KEY_UIApplicationSceneManifest_Generation = YES;
				INFOPLIST_KEY_UIApplicationSupportsIndirectInputEvents = YES;
				INFOPLIST_KEY_UILaunchScreen_Generation = YES;
				INFOPLIST_KEY_UISupportedInterfaceOrientations_iPad = "UIInterfaceOrientationPortrait UIInterfaceOrientationPortraitUpsideDown UIInterfaceOrientationLandscapeLeft UIInterfaceOrientationLandscapeRight";
				INFOPLIST_KEY_UISupportedInterfaceOrientations_iPhone = "UIInterfaceOrientationPortrait UIInterfaceOrientationLandscapeLeft UIInterfaceOrientationLandscapeRight";
				IPHONEOS_DEPLOYMENT_TARGET = 15.0;
				LD_RUNPATH_SEARCH_PATHS = (
					"$(inherited)",
					"@executable_path/Frameworks",
				);
				MARKETING_VERSION = 1.0;
				PRODUCT_BUNDLE_IDENTIFIER = com.TileService;
				PRODUCT_NAME = "$(TARGET_NAME)";
				SUPPORTED_PLATFORMS = "iphoneos iphonesimulator";
				SUPPORTS_MACCATALYST = NO;
				SUPPORTS_MAC_DESIGNED_FOR_IPHONE_IPAD = NO;
				SUPPORTS_XR_DESIGNED_FOR_IPHONE_IPAD = NO;
				SWIFT_EMIT_LOC_STRINGS = YES;
				SWIFT_VERSION = 5.0;
				TARGETED_DEVICE_FAMILY = 1;
			};
			name = Debug;
		};
		52E9A3DD2C792AAA00774B23 /* Release */ = {
			isa = XCBuildConfiguration;
			buildSettings = {
				ASSETCATALOG_COMPILER_APPICON_NAME = AppIcon;
				ASSETCATALOG_COMPILER_GLOBAL_ACCENT_COLOR_NAME = AccentColor;
				CODE_SIGN_STYLE = Automatic;
				CURRENT_PROJECT_VERSION = 1;
				DEVELOPMENT_ASSET_PATHS = "\"TileService/Preview Content\"";
				ENABLE_PREVIEWS = YES;
				GENERATE_INFOPLIST_FILE = YES;
				INFOPLIST_KEY_CFBundleDisplayName = "TileMaster Pro";
				INFOPLIST_KEY_UIApplicationSceneManifest_Generation = YES;
				INFOPLIST_KEY_UIApplicationSupportsIndirectInputEvents = YES;
				INFOPLIST_KEY_UILaunchScreen_Generation = YES;
				INFOPLIST_KEY_UISupportedInterfaceOrientations_iPad = "UIInterfaceOrientationPortrait UIInterfaceOrientationPortraitUpsideDown UIInterfaceOrientationLandscapeLeft UIInterfaceOrientationLandscapeRight";
				INFOPLIST_KEY_UISupportedInterfaceOrientations_iPhone = "UIInterfaceOrientationPortrait UIInterfaceOrientationLandscapeLeft UIInterfaceOrientationLandscapeRight";
				IPHONEOS_DEPLOYMENT_TARGET = 15.0;
				LD_RUNPATH_SEARCH_PATHS = (
					"$(inherited)",
					"@executable_path/Frameworks",
				);
				MARKETING_VERSION = 1.0;
				PRODUCT_BUNDLE_IDENTIFIER = com.TileService;
				PRODUCT_NAME = "$(TARGET_NAME)";
				SUPPORTED_PLATFORMS = "iphoneos iphonesimulator";
				SUPPORTS_MACCATALYST = NO;
				SUPPORTS_MAC_DESIGNED_FOR_IPHONE_IPAD = NO;
				SUPPORTS_XR_DESIGNED_FOR_IPHONE_IPAD = NO;
				SWIFT_EMIT_LOC_STRINGS = YES;
				SWIFT_VERSION = 5.0;
				TARGETED_DEVICE_FAMILY = 1;
			};
			name = Release;
		};
		52E9A3DF2C792AAA00774B23 /* Debug */ = {
			isa = XCBuildConfiguration;
			buildSettings = {
				ALWAYS_EMBED_SWIFT_STANDARD_LIBRARIES = YES;
				BUNDLE_LOADER = "$(TEST_HOST)";
				CODE_SIGN_STYLE = Automatic;
				CURRENT_PROJECT_VERSION = 1;
				GENERATE_INFOPLIST_FILE = YES;
				IPHONEOS_DEPLOYMENT_TARGET = 17.5;
				MARKETING_VERSION = 1.0;
				PRODUCT_BUNDLE_IDENTIFIER = com.TileServiceTests;
				PRODUCT_NAME = "$(TARGET_NAME)";
				SWIFT_EMIT_LOC_STRINGS = NO;
				SWIFT_VERSION = 5.0;
				TARGETED_DEVICE_FAMILY = "1,2";
				TEST_HOST = "$(BUILT_PRODUCTS_DIR)/TileService.app/$(BUNDLE_EXECUTABLE_FOLDER_PATH)/TileService";
			};
			name = Debug;
		};
		52E9A3E02C792AAA00774B23 /* Release */ = {
			isa = XCBuildConfiguration;
			buildSettings = {
				ALWAYS_EMBED_SWIFT_STANDARD_LIBRARIES = YES;
				BUNDLE_LOADER = "$(TEST_HOST)";
				CODE_SIGN_STYLE = Automatic;
				CURRENT_PROJECT_VERSION = 1;
				GENERATE_INFOPLIST_FILE = YES;
				IPHONEOS_DEPLOYMENT_TARGET = 17.5;
				MARKETING_VERSION = 1.0;
				PRODUCT_BUNDLE_IDENTIFIER = com.TileServiceTests;
				PRODUCT_NAME = "$(TARGET_NAME)";
				SWIFT_EMIT_LOC_STRINGS = NO;
				SWIFT_VERSION = 5.0;
				TARGETED_DEVICE_FAMILY = "1,2";
				TEST_HOST = "$(BUILT_PRODUCTS_DIR)/TileService.app/$(BUNDLE_EXECUTABLE_FOLDER_PATH)/TileService";
			};
			name = Release;
		};
		52E9A3E22C792AAA00774B23 /* Debug */ = {
			isa = XCBuildConfiguration;
			buildSettings = {
				ALWAYS_EMBED_SWIFT_STANDARD_LIBRARIES = YES;
				CODE_SIGN_STYLE = Automatic;
				CURRENT_PROJECT_VERSION = 1;
				GENERATE_INFOPLIST_FILE = YES;
				MARKETING_VERSION = 1.0;
				PRODUCT_BUNDLE_IDENTIFIER = com.TileServiceUITests;
				PRODUCT_NAME = "$(TARGET_NAME)";
				SWIFT_EMIT_LOC_STRINGS = NO;
				SWIFT_VERSION = 5.0;
				TARGETED_DEVICE_FAMILY = "1,2";
				TEST_TARGET_NAME = TileService;
			};
			name = Debug;
		};
		52E9A3E32C792AAA00774B23 /* Release */ = {
			isa = XCBuildConfiguration;
			buildSettings = {
				ALWAYS_EMBED_SWIFT_STANDARD_LIBRARIES = YES;
				CODE_SIGN_STYLE = Automatic;
				CURRENT_PROJECT_VERSION = 1;
				GENERATE_INFOPLIST_FILE = YES;
				MARKETING_VERSION = 1.0;
				PRODUCT_BUNDLE_IDENTIFIER = com.TileServiceUITests;
				PRODUCT_NAME = "$(TARGET_NAME)";
				SWIFT_EMIT_LOC_STRINGS = NO;
				SWIFT_VERSION = 5.0;
				TARGETED_DEVICE_FAMILY = "1,2";
				TEST_TARGET_NAME = TileService;
			};
			name = Release;
		};
/* End XCBuildConfiguration section */

/* Begin XCConfigurationList section */
		52E9A3B22C792AA700774B23 /* Build configuration list for PBXProject "TileService" */ = {
			isa = XCConfigurationList;
			buildConfigurations = (
				52E9A3D92C792AAA00774B23 /* Debug */,
				52E9A3DA2C792AAA00774B23 /* Release */,
			);
			defaultConfigurationIsVisible = 0;
			defaultConfigurationName = Release;
		};
		52E9A3DB2C792AAA00774B23 /* Build configuration list for PBXNativeTarget "TileService" */ = {
			isa = XCConfigurationList;
			buildConfigurations = (
				52E9A3DC2C792AAA00774B23 /* Debug */,
				52E9A3DD2C792AAA00774B23 /* Release */,
			);
			defaultConfigurationIsVisible = 0;
			defaultConfigurationName = Release;
		};
		52E9A3DE2C792AAA00774B23 /* Build configuration list for PBXNativeTarget "TileServiceTests" */ = {
			isa = XCConfigurationList;
			buildConfigurations = (
				52E9A3DF2C792AAA00774B23 /* Debug */,
				52E9A3E02C792AAA00774B23 /* Release */,
			);
			defaultConfigurationIsVisible = 0;
			defaultConfigurationName = Release;
		};
		52E9A3E12C792AAA00774B23 /* Build configuration list for PBXNativeTarget "TileServiceUITests" */ = {
			isa = XCConfigurationList;
			buildConfigurations = (
				52E9A3E22C792AAA00774B23 /* Debug */,
				52E9A3E32C792AAA00774B23 /* Release */,
			);
			defaultConfigurationIsVisible = 0;
			defaultConfigurationName = Release;
		};
/* End XCConfigurationList section */
	};
	rootObject = 52E9A3AF2C792AA700774B23 /* Project object */;
}
